
Microsoft Visual Studio Solution File, Format Version 12.00
# Visual Studio Version 17
VisualStudioVersion = 17.11.35312.102
MinimumVisualStudioVersion = 10.0.40219.1
Project("{FAE04EC0-301F-11D3-BF4B-00C04F79EFBC}") = "HarderEnergySystem_Road96_Mod", "HarderEnergySystem_Road96_Mod\HarderEnergySystem_Road96_Mod.csproj", "{FDFDF8E6-2433-4BE8-8974-43F06F3F9F90}"
EndProject
Global
	GlobalSection(SolutionConfigurationPlatforms) = preSolution
		Debug|Any CPU = Debug|Any CPU
		Release|Any CPU = Release|Any CPU
	EndGlobalSection
	GlobalSection(ProjectConfigurationPlatforms) = postSolution
		{FDFDF8E6-2433-4BE8-8974-43F06F3F9F90}.Debug|Any CPU.ActiveCfg = Debug|Any CPU
		{FDFDF8E6-2433-4BE8-8974-43F06F3F9F90}.Debug|Any CPU.Build.0 = Debug|Any CPU
		{FDFDF8E6-2433-4BE8-8974-43F06F3F9F90}.Release|Any CPU.ActiveCfg = Release|Any CPU
		{FDFDF8E6-2433-4BE8-8974-43F06F3F9F90}.Release|Any CPU.Build.0 = Release|Any CPU
	EndGlobalSection
	GlobalSection(SolutionProperties) = preSolution
		HideSolutionNode = FALSE
	EndGlobalSection
	GlobalSection(ExtensibilityGlobals) = postSolution
		SolutionGuid = {DA6A4014-47E5-45C9-BDF6-4A6ED7E3C49F}
	EndGlobalSection
EndGlobal
